
Microsoft Visual Studio Solution File, Format Version 12.00
# Visual Studio Version 16
VisualStudioVersion = 16.0.29509.3
MinimumVisualStudioVersion = 10.0.40219.1
Project("{FAE04EC0-301F-11D3-BF4B-00C04F79EFBC}") = "TestTree", "TestTree\TestTree.csproj", "{D5AF21F0-D080-4247-93C1-15FF611B3851}"
EndProject
Project("{FAE04EC0-301F-11D3-BF4B-00C04F79EFBC}") = "testTree.Model", "testTree.Model\testTree.Model.csproj", "{8D65B685-0F8F-4ED3-B620-060B880302A0}"
EndProject
Global
	GlobalSection(SolutionConfigurationPlatforms) = preSolution
		Debug|Any CPU = Debug|Any CPU
		Release|Any CPU = Release|Any CPU
	EndGlobalSection
	GlobalSection(ProjectConfigurationPlatforms) = postSolution
		{D5AF21F0-D080-4247-93C1-15FF611B3851}.Debug|Any CPU.ActiveCfg = Debug|Any CPU
		{D5AF21F0-D080-4247-93C1-15FF611B3851}.Debug|Any CPU.Build.0 = Debug|Any CPU
		{D5AF21F0-D080-4247-93C1-15FF611B3851}.Release|Any CPU.ActiveCfg = Release|Any CPU
		{D5AF21F0-D080-4247-93C1-15FF611B3851}.Release|Any CPU.Build.0 = Release|Any CPU
		{8D65B685-0F8F-4ED3-B620-060B880302A0}.Debug|Any CPU.ActiveCfg = Debug|Any CPU
		{8D65B685-0F8F-4ED3-B620-060B880302A0}.Debug|Any CPU.Build.0 = Debug|Any CPU
		{8D65B685-0F8F-4ED3-B620-060B880302A0}.Release|Any CPU.ActiveCfg = Release|Any CPU
		{8D65B685-0F8F-4ED3-B620-060B880302A0}.Release|Any CPU.Build.0 = Release|Any CPU
	EndGlobalSection
	GlobalSection(SolutionProperties) = preSolution
		HideSolutionNode = FALSE
	EndGlobalSection
	GlobalSection(ExtensibilityGlobals) = postSolution
		SolutionGuid = {7B42A228-6E5B-4718-BBAD-63DA13CF2895}
	EndGlobalSection
EndGlobal
